
Microsoft Visual Studio Solution File, Format Version 12.00
Project("{F2A71F9B-5D33-465A-A702-920D77279786}") = "somanyfeeds", "somanyfeeds.fsproj", "{B4EE64BF-3C1B-48F7-BD43-34F33A46D34C}"
EndProject
Global
	GlobalSection(SolutionConfigurationPlatforms) = preSolution
		Debug|Any CPU = Debug|Any CPU
		Release|Any CPU = Release|Any CPU
	EndGlobalSection
	GlobalSection(ProjectConfigurationPlatforms) = postSolution
		{B4EE64BF-3C1B-48F7-BD43-34F33A46D34C}.Debug|Any CPU.ActiveCfg = Debug|Any CPU
		{B4EE64BF-3C1B-48F7-BD43-34F33A46D34C}.Debug|Any CPU.Build.0 = Debug|Any CPU
		{B4EE64BF-3C1B-48F7-BD43-34F33A46D34C}.Release|Any CPU.ActiveCfg = Release|Any CPU
		{B4EE64BF-3C1B-48F7-BD43-34F33A46D34C}.Release|Any CPU.Build.0 = Release|Any CPU
	EndGlobalSection
EndGlobal
