
Microsoft Visual Studio Solution File, Format Version 12.00
#
Project("{F2A71F9B-5D33-465A-A702-920D77279786}") = "damo-io-server", "damo-io-server\damo-io-server.fsproj", "{A7157346-F377-4B8A-8CF2-1DB962115171}"
EndProject
Project("{F2A71F9B-5D33-465A-A702-920D77279786}") = "damo-io-frontend", "damo-io-frontend\damo-io-frontend.fsproj", "{3FFF4355-EB86-42A6-9E8E-0EAB5D20615D}"
EndProject
Project("{F2A71F9B-5D33-465A-A702-920D77279786}") = "build", "build\build.fsproj", "{48AB536C-C4D7-4A79-88CD-92DB6CCB3A95}"
EndProject
Project("{F2A71F9B-5D33-465A-A702-920D77279786}") = "feeds-processing", "feeds-processing\feeds-processing.fsproj", "{B4BC8FCB-9682-43BA-8676-680224209DA5}"
EndProject
Project("{F2A71F9B-5D33-465A-A702-920D77279786}") = "feeds-processing-tests", "feeds-processing-tests\feeds-processing-tests.fsproj", "{55BB409D-D281-4C3A-A108-5D4517F2E894}"
EndProject
Project("{F2A71F9B-5D33-465A-A702-920D77279786}") = "somanyfeeds-server-integration-tests", "somanyfeeds-server-integration-tests\somanyfeeds-server-integration-tests.fsproj", "{A6573A90-30DE-4889-99E0-445094C09318}"
EndProject
Project("{F2A71F9B-5D33-465A-A702-920D77279786}") = "prelude", "prelude\prelude.fsproj", "{3ECDD435-CF99-49FA-A0CE-DB5C7A643B2E}"
EndProject
Project("{F2A71F9B-5D33-465A-A702-920D77279786}") = "somanyfeeds-persistence-tests", "somanyfeeds-persistence-tests\somanyfeeds-persistence-tests.fsproj", "{E5E94FD2-D150-4EF7-BC24-B3EBC181F6B5}"
EndProject
Project("{F2A71F9B-5D33-465A-A702-920D77279786}") = "somanyfeeds-domain", "somanyfeeds-domain\somanyfeeds-domain.fsproj", "{3C7B24AB-9FD0-4F52-9705-39978E8F1E4A}"
EndProject
Project("{F2A71F9B-5D33-465A-A702-920D77279786}") = "somanyfeeds-frontend", "somanyfeeds-frontend\somanyfeeds-frontend.fsproj", "{F409160E-3A71-4CA6-819E-400E73A06162}"
EndProject
Project("{F2A71F9B-5D33-465A-A702-920D77279786}") = "somanyfeeds-server", "somanyfeeds-server\somanyfeeds-server.fsproj", "{C59E4502-4566-4DF3-B5FC-92954AF16FD8}"
EndProject
Project("{F2A71F9B-5D33-465A-A702-920D77279786}") = "somanyfeeds-persistence", "somanyfeeds-persistence\somanyfeeds-persistence.fsproj", "{7BEE72D8-AF6D-46A8-8E93-516FA7A0C60E}"
EndProject
Global
	GlobalSection(SolutionConfigurationPlatforms) = preSolution
		Debug|Any CPU = Debug|Any CPU
		Debug|x64 = Debug|x64
		Debug|x86 = Debug|x86
		Release|Any CPU = Release|Any CPU
		Release|x64 = Release|x64
		Release|x86 = Release|x86
	EndGlobalSection
	GlobalSection(ProjectConfigurationPlatforms) = postSolution
		{A7157346-F377-4B8A-8CF2-1DB962115171}.Debug|Any CPU.ActiveCfg = Debug|Any CPU
		{A7157346-F377-4B8A-8CF2-1DB962115171}.Debug|Any CPU.Build.0 = Debug|Any CPU
		{A7157346-F377-4B8A-8CF2-1DB962115171}.Debug|x64.ActiveCfg = Debug|x64
		{A7157346-F377-4B8A-8CF2-1DB962115171}.Debug|x64.Build.0 = Debug|x64
		{A7157346-F377-4B8A-8CF2-1DB962115171}.Debug|x86.ActiveCfg = Debug|x86
		{A7157346-F377-4B8A-8CF2-1DB962115171}.Debug|x86.Build.0 = Debug|x86
		{A7157346-F377-4B8A-8CF2-1DB962115171}.Release|Any CPU.ActiveCfg = Release|Any CPU
		{A7157346-F377-4B8A-8CF2-1DB962115171}.Release|Any CPU.Build.0 = Release|Any CPU
		{A7157346-F377-4B8A-8CF2-1DB962115171}.Release|x64.ActiveCfg = Release|x64
		{A7157346-F377-4B8A-8CF2-1DB962115171}.Release|x64.Build.0 = Release|x64
		{A7157346-F377-4B8A-8CF2-1DB962115171}.Release|x86.ActiveCfg = Release|x86
		{A7157346-F377-4B8A-8CF2-1DB962115171}.Release|x86.Build.0 = Release|x86
		{55BB409D-D281-4C3A-A108-5D4517F2E894}.Debug|Any CPU.ActiveCfg = Debug|Any CPU
		{55BB409D-D281-4C3A-A108-5D4517F2E894}.Debug|Any CPU.Build.0 = Debug|Any CPU
		{55BB409D-D281-4C3A-A108-5D4517F2E894}.Debug|x64.ActiveCfg = Debug|x64
		{55BB409D-D281-4C3A-A108-5D4517F2E894}.Debug|x64.Build.0 = Debug|x64
		{55BB409D-D281-4C3A-A108-5D4517F2E894}.Debug|x86.ActiveCfg = Debug|x86
		{55BB409D-D281-4C3A-A108-5D4517F2E894}.Debug|x86.Build.0 = Debug|x86
		{55BB409D-D281-4C3A-A108-5D4517F2E894}.Release|Any CPU.ActiveCfg = Release|Any CPU
		{55BB409D-D281-4C3A-A108-5D4517F2E894}.Release|Any CPU.Build.0 = Release|Any CPU
		{55BB409D-D281-4C3A-A108-5D4517F2E894}.Release|x64.ActiveCfg = Release|x64
		{55BB409D-D281-4C3A-A108-5D4517F2E894}.Release|x64.Build.0 = Release|x64
		{55BB409D-D281-4C3A-A108-5D4517F2E894}.Release|x86.ActiveCfg = Release|x86
		{55BB409D-D281-4C3A-A108-5D4517F2E894}.Release|x86.Build.0 = Release|x86
		{3FFF4355-EB86-42A6-9E8E-0EAB5D20615D}.Debug|Any CPU.ActiveCfg = Debug|Any CPU
		{3FFF4355-EB86-42A6-9E8E-0EAB5D20615D}.Debug|Any CPU.Build.0 = Debug|Any CPU
		{3FFF4355-EB86-42A6-9E8E-0EAB5D20615D}.Debug|x64.ActiveCfg = Debug|x64
		{3FFF4355-EB86-42A6-9E8E-0EAB5D20615D}.Debug|x64.Build.0 = Debug|x64
		{3FFF4355-EB86-42A6-9E8E-0EAB5D20615D}.Debug|x86.ActiveCfg = Debug|x86
		{3FFF4355-EB86-42A6-9E8E-0EAB5D20615D}.Debug|x86.Build.0 = Debug|x86
		{3FFF4355-EB86-42A6-9E8E-0EAB5D20615D}.Release|Any CPU.ActiveCfg = Release|Any CPU
		{3FFF4355-EB86-42A6-9E8E-0EAB5D20615D}.Release|Any CPU.Build.0 = Release|Any CPU
		{3FFF4355-EB86-42A6-9E8E-0EAB5D20615D}.Release|x64.ActiveCfg = Release|x64
		{3FFF4355-EB86-42A6-9E8E-0EAB5D20615D}.Release|x64.Build.0 = Release|x64
		{3FFF4355-EB86-42A6-9E8E-0EAB5D20615D}.Release|x86.ActiveCfg = Release|x86
		{3FFF4355-EB86-42A6-9E8E-0EAB5D20615D}.Release|x86.Build.0 = Release|x86
		{48AB536C-C4D7-4A79-88CD-92DB6CCB3A95}.Debug|Any CPU.ActiveCfg = Debug|Any CPU
		{48AB536C-C4D7-4A79-88CD-92DB6CCB3A95}.Debug|Any CPU.Build.0 = Debug|Any CPU
		{48AB536C-C4D7-4A79-88CD-92DB6CCB3A95}.Debug|x64.ActiveCfg = Debug|x64
		{48AB536C-C4D7-4A79-88CD-92DB6CCB3A95}.Debug|x64.Build.0 = Debug|x64
		{48AB536C-C4D7-4A79-88CD-92DB6CCB3A95}.Debug|x86.ActiveCfg = Debug|x86
		{48AB536C-C4D7-4A79-88CD-92DB6CCB3A95}.Debug|x86.Build.0 = Debug|x86
		{48AB536C-C4D7-4A79-88CD-92DB6CCB3A95}.Release|Any CPU.ActiveCfg = Release|Any CPU
		{48AB536C-C4D7-4A79-88CD-92DB6CCB3A95}.Release|Any CPU.Build.0 = Release|Any CPU
		{48AB536C-C4D7-4A79-88CD-92DB6CCB3A95}.Release|x64.ActiveCfg = Release|x64
		{48AB536C-C4D7-4A79-88CD-92DB6CCB3A95}.Release|x64.Build.0 = Release|x64
		{48AB536C-C4D7-4A79-88CD-92DB6CCB3A95}.Release|x86.ActiveCfg = Release|x86
		{48AB536C-C4D7-4A79-88CD-92DB6CCB3A95}.Release|x86.Build.0 = Release|x86
		{E437D872-2D9A-4752-9A38-B52078E6D3A5}.Debug|Any CPU.ActiveCfg = Debug|Any CPU
		{E437D872-2D9A-4752-9A38-B52078E6D3A5}.Debug|Any CPU.Build.0 = Debug|Any CPU
		{E437D872-2D9A-4752-9A38-B52078E6D3A5}.Debug|x64.ActiveCfg = Debug|Any CPU
		{E437D872-2D9A-4752-9A38-B52078E6D3A5}.Debug|x64.Build.0 = Debug|Any CPU
		{E437D872-2D9A-4752-9A38-B52078E6D3A5}.Debug|x86.ActiveCfg = Debug|Any CPU
		{E437D872-2D9A-4752-9A38-B52078E6D3A5}.Debug|x86.Build.0 = Debug|Any CPU
		{E437D872-2D9A-4752-9A38-B52078E6D3A5}.Release|Any CPU.ActiveCfg = Release|Any CPU
		{E437D872-2D9A-4752-9A38-B52078E6D3A5}.Release|Any CPU.Build.0 = Release|Any CPU
		{E437D872-2D9A-4752-9A38-B52078E6D3A5}.Release|x64.ActiveCfg = Release|Any CPU
		{E437D872-2D9A-4752-9A38-B52078E6D3A5}.Release|x64.Build.0 = Release|Any CPU
		{E437D872-2D9A-4752-9A38-B52078E6D3A5}.Release|x86.ActiveCfg = Release|Any CPU
		{E437D872-2D9A-4752-9A38-B52078E6D3A5}.Release|x86.Build.0 = Release|Any CPU
		{B4BC8FCB-9682-43BA-8676-680224209DA5}.Debug|Any CPU.ActiveCfg = Debug|Any CPU
		{B4BC8FCB-9682-43BA-8676-680224209DA5}.Debug|Any CPU.Build.0 = Debug|Any CPU
		{B4BC8FCB-9682-43BA-8676-680224209DA5}.Debug|x64.ActiveCfg = Debug|Any CPU
		{B4BC8FCB-9682-43BA-8676-680224209DA5}.Debug|x64.Build.0 = Debug|Any CPU
		{B4BC8FCB-9682-43BA-8676-680224209DA5}.Debug|x86.ActiveCfg = Debug|Any CPU
		{B4BC8FCB-9682-43BA-8676-680224209DA5}.Debug|x86.Build.0 = Debug|Any CPU
		{B4BC8FCB-9682-43BA-8676-680224209DA5}.Release|Any CPU.ActiveCfg = Release|Any CPU
		{B4BC8FCB-9682-43BA-8676-680224209DA5}.Release|Any CPU.Build.0 = Release|Any CPU
		{B4BC8FCB-9682-43BA-8676-680224209DA5}.Release|x64.ActiveCfg = Release|Any CPU
		{B4BC8FCB-9682-43BA-8676-680224209DA5}.Release|x64.Build.0 = Release|Any CPU
		{B4BC8FCB-9682-43BA-8676-680224209DA5}.Release|x86.ActiveCfg = Release|Any CPU
		{B4BC8FCB-9682-43BA-8676-680224209DA5}.Release|x86.Build.0 = Release|Any CPU
		{A6573A90-30DE-4889-99E0-445094C09318}.Debug|Any CPU.ActiveCfg = Debug|Any CPU
		{A6573A90-30DE-4889-99E0-445094C09318}.Debug|Any CPU.Build.0 = Debug|Any CPU
		{A6573A90-30DE-4889-99E0-445094C09318}.Debug|x64.ActiveCfg = Debug|Any CPU
		{A6573A90-30DE-4889-99E0-445094C09318}.Debug|x64.Build.0 = Debug|Any CPU
		{A6573A90-30DE-4889-99E0-445094C09318}.Debug|x86.ActiveCfg = Debug|Any CPU
		{A6573A90-30DE-4889-99E0-445094C09318}.Debug|x86.Build.0 = Debug|Any CPU
		{A6573A90-30DE-4889-99E0-445094C09318}.Release|Any CPU.ActiveCfg = Release|Any CPU
		{A6573A90-30DE-4889-99E0-445094C09318}.Release|Any CPU.Build.0 = Release|Any CPU
		{A6573A90-30DE-4889-99E0-445094C09318}.Release|x64.ActiveCfg = Release|Any CPU
		{A6573A90-30DE-4889-99E0-445094C09318}.Release|x64.Build.0 = Release|Any CPU
		{A6573A90-30DE-4889-99E0-445094C09318}.Release|x86.ActiveCfg = Release|Any CPU
		{A6573A90-30DE-4889-99E0-445094C09318}.Release|x86.Build.0 = Release|Any CPU
		{3ECDD435-CF99-49FA-A0CE-DB5C7A643B2E}.Debug|Any CPU.ActiveCfg = Debug|Any CPU
		{3ECDD435-CF99-49FA-A0CE-DB5C7A643B2E}.Debug|Any CPU.Build.0 = Debug|Any CPU
		{3ECDD435-CF99-49FA-A0CE-DB5C7A643B2E}.Debug|x64.ActiveCfg = Debug|Any CPU
		{3ECDD435-CF99-49FA-A0CE-DB5C7A643B2E}.Debug|x64.Build.0 = Debug|Any CPU
		{3ECDD435-CF99-49FA-A0CE-DB5C7A643B2E}.Debug|x86.ActiveCfg = Debug|Any CPU
		{3ECDD435-CF99-49FA-A0CE-DB5C7A643B2E}.Debug|x86.Build.0 = Debug|Any CPU
		{3ECDD435-CF99-49FA-A0CE-DB5C7A643B2E}.Release|Any CPU.ActiveCfg = Release|Any CPU
		{3ECDD435-CF99-49FA-A0CE-DB5C7A643B2E}.Release|Any CPU.Build.0 = Release|Any CPU
		{3ECDD435-CF99-49FA-A0CE-DB5C7A643B2E}.Release|x64.ActiveCfg = Release|Any CPU
		{3ECDD435-CF99-49FA-A0CE-DB5C7A643B2E}.Release|x64.Build.0 = Release|Any CPU
		{3ECDD435-CF99-49FA-A0CE-DB5C7A643B2E}.Release|x86.ActiveCfg = Release|Any CPU
		{3ECDD435-CF99-49FA-A0CE-DB5C7A643B2E}.Release|x86.Build.0 = Release|Any CPU
		{E5E94FD2-D150-4EF7-BC24-B3EBC181F6B5}.Debug|Any CPU.ActiveCfg = Debug|Any CPU
		{E5E94FD2-D150-4EF7-BC24-B3EBC181F6B5}.Debug|Any CPU.Build.0 = Debug|Any CPU
		{E5E94FD2-D150-4EF7-BC24-B3EBC181F6B5}.Debug|x64.ActiveCfg = Debug|Any CPU
		{E5E94FD2-D150-4EF7-BC24-B3EBC181F6B5}.Debug|x64.Build.0 = Debug|Any CPU
		{E5E94FD2-D150-4EF7-BC24-B3EBC181F6B5}.Debug|x86.ActiveCfg = Debug|Any CPU
		{E5E94FD2-D150-4EF7-BC24-B3EBC181F6B5}.Debug|x86.Build.0 = Debug|Any CPU
		{E5E94FD2-D150-4EF7-BC24-B3EBC181F6B5}.Release|Any CPU.ActiveCfg = Release|Any CPU
		{E5E94FD2-D150-4EF7-BC24-B3EBC181F6B5}.Release|Any CPU.Build.0 = Release|Any CPU
		{E5E94FD2-D150-4EF7-BC24-B3EBC181F6B5}.Release|x64.ActiveCfg = Release|Any CPU
		{E5E94FD2-D150-4EF7-BC24-B3EBC181F6B5}.Release|x64.Build.0 = Release|Any CPU
		{E5E94FD2-D150-4EF7-BC24-B3EBC181F6B5}.Release|x86.ActiveCfg = Release|Any CPU
		{E5E94FD2-D150-4EF7-BC24-B3EBC181F6B5}.Release|x86.Build.0 = Release|Any CPU
		{3C7B24AB-9FD0-4F52-9705-39978E8F1E4A}.Debug|Any CPU.ActiveCfg = Debug|Any CPU
		{3C7B24AB-9FD0-4F52-9705-39978E8F1E4A}.Debug|Any CPU.Build.0 = Debug|Any CPU
		{3C7B24AB-9FD0-4F52-9705-39978E8F1E4A}.Debug|x64.ActiveCfg = Debug|Any CPU
		{3C7B24AB-9FD0-4F52-9705-39978E8F1E4A}.Debug|x64.Build.0 = Debug|Any CPU
		{3C7B24AB-9FD0-4F52-9705-39978E8F1E4A}.Debug|x86.ActiveCfg = Debug|Any CPU
		{3C7B24AB-9FD0-4F52-9705-39978E8F1E4A}.Debug|x86.Build.0 = Debug|Any CPU
		{3C7B24AB-9FD0-4F52-9705-39978E8F1E4A}.Release|Any CPU.ActiveCfg = Release|Any CPU
		{3C7B24AB-9FD0-4F52-9705-39978E8F1E4A}.Release|Any CPU.Build.0 = Release|Any CPU
		{3C7B24AB-9FD0-4F52-9705-39978E8F1E4A}.Release|x64.ActiveCfg = Release|Any CPU
		{3C7B24AB-9FD0-4F52-9705-39978E8F1E4A}.Release|x64.Build.0 = Release|Any CPU
		{3C7B24AB-9FD0-4F52-9705-39978E8F1E4A}.Release|x86.ActiveCfg = Release|Any CPU
		{3C7B24AB-9FD0-4F52-9705-39978E8F1E4A}.Release|x86.Build.0 = Release|Any CPU
		{F409160E-3A71-4CA6-819E-400E73A06162}.Debug|Any CPU.ActiveCfg = Debug|Any CPU
		{F409160E-3A71-4CA6-819E-400E73A06162}.Debug|Any CPU.Build.0 = Debug|Any CPU
		{F409160E-3A71-4CA6-819E-400E73A06162}.Debug|x64.ActiveCfg = Debug|Any CPU
		{F409160E-3A71-4CA6-819E-400E73A06162}.Debug|x64.Build.0 = Debug|Any CPU
		{F409160E-3A71-4CA6-819E-400E73A06162}.Debug|x86.ActiveCfg = Debug|Any CPU
		{F409160E-3A71-4CA6-819E-400E73A06162}.Debug|x86.Build.0 = Debug|Any CPU
		{F409160E-3A71-4CA6-819E-400E73A06162}.Release|Any CPU.ActiveCfg = Release|Any CPU
		{F409160E-3A71-4CA6-819E-400E73A06162}.Release|Any CPU.Build.0 = Release|Any CPU
		{F409160E-3A71-4CA6-819E-400E73A06162}.Release|x64.ActiveCfg = Release|Any CPU
		{F409160E-3A71-4CA6-819E-400E73A06162}.Release|x64.Build.0 = Release|Any CPU
		{F409160E-3A71-4CA6-819E-400E73A06162}.Release|x86.ActiveCfg = Release|Any CPU
		{F409160E-3A71-4CA6-819E-400E73A06162}.Release|x86.Build.0 = Release|Any CPU
		{C59E4502-4566-4DF3-B5FC-92954AF16FD8}.Debug|Any CPU.ActiveCfg = Debug|Any CPU
		{C59E4502-4566-4DF3-B5FC-92954AF16FD8}.Debug|Any CPU.Build.0 = Debug|Any CPU
		{C59E4502-4566-4DF3-B5FC-92954AF16FD8}.Debug|x64.ActiveCfg = Debug|Any CPU
		{C59E4502-4566-4DF3-B5FC-92954AF16FD8}.Debug|x64.Build.0 = Debug|Any CPU
		{C59E4502-4566-4DF3-B5FC-92954AF16FD8}.Debug|x86.ActiveCfg = Debug|Any CPU
		{C59E4502-4566-4DF3-B5FC-92954AF16FD8}.Debug|x86.Build.0 = Debug|Any CPU
		{C59E4502-4566-4DF3-B5FC-92954AF16FD8}.Release|Any CPU.ActiveCfg = Release|Any CPU
		{C59E4502-4566-4DF3-B5FC-92954AF16FD8}.Release|Any CPU.Build.0 = Release|Any CPU
		{C59E4502-4566-4DF3-B5FC-92954AF16FD8}.Release|x64.ActiveCfg = Release|Any CPU
		{C59E4502-4566-4DF3-B5FC-92954AF16FD8}.Release|x64.Build.0 = Release|Any CPU
		{C59E4502-4566-4DF3-B5FC-92954AF16FD8}.Release|x86.ActiveCfg = Release|Any CPU
		{C59E4502-4566-4DF3-B5FC-92954AF16FD8}.Release|x86.Build.0 = Release|Any CPU
		{7BEE72D8-AF6D-46A8-8E93-516FA7A0C60E}.Debug|Any CPU.ActiveCfg = Debug|Any CPU
		{7BEE72D8-AF6D-46A8-8E93-516FA7A0C60E}.Debug|Any CPU.Build.0 = Debug|Any CPU
		{7BEE72D8-AF6D-46A8-8E93-516FA7A0C60E}.Debug|x64.ActiveCfg = Debug|Any CPU
		{7BEE72D8-AF6D-46A8-8E93-516FA7A0C60E}.Debug|x64.Build.0 = Debug|Any CPU
		{7BEE72D8-AF6D-46A8-8E93-516FA7A0C60E}.Debug|x86.ActiveCfg = Debug|Any CPU
		{7BEE72D8-AF6D-46A8-8E93-516FA7A0C60E}.Debug|x86.Build.0 = Debug|Any CPU
		{7BEE72D8-AF6D-46A8-8E93-516FA7A0C60E}.Release|Any CPU.ActiveCfg = Release|Any CPU
		{7BEE72D8-AF6D-46A8-8E93-516FA7A0C60E}.Release|Any CPU.Build.0 = Release|Any CPU
		{7BEE72D8-AF6D-46A8-8E93-516FA7A0C60E}.Release|x64.ActiveCfg = Release|Any CPU
		{7BEE72D8-AF6D-46A8-8E93-516FA7A0C60E}.Release|x64.Build.0 = Release|Any CPU
		{7BEE72D8-AF6D-46A8-8E93-516FA7A0C60E}.Release|x86.ActiveCfg = Release|Any CPU
		{7BEE72D8-AF6D-46A8-8E93-516FA7A0C60E}.Release|x86.Build.0 = Release|Any CPU
	EndGlobalSection
EndGlobal
