{
  "version": 2,
  "dependencies": {
    "net10.0": {
      "FSharp.Core": {
        "type": "Direct",
        "requested": "[10.1.204, )",
        "resolved": "10.1.204",
        "contentHash": "f2HG4CIS+sfFuRY7DYnEa6P/qEW2g4b6O54jcDD9OkDewWlbk7sd2dbL+Enm3/tVSEsMrgQA7m1+smdizBC6fg=="
      },
      "Microsoft.NET.Test.Sdk": {
        "type": "Direct",
        "requested": "[18.7.0, )",
        "resolved": "18.7.0",
        "contentHash": "49xH9j4UzCh2hMohJp53g3wUTvyycECw7CtVht4gfCz5ykudB1uBcF6D0TtgJPjCtP76UPW53bQElKdCeX+dUg==",
        "dependencies": {
          "Microsoft.CodeCoverage": "18.7.0",
          "Microsoft.TestPlatform.TestHost": "18.7.0"
        }
      },
      "xunit.v3": {
        "type": "Direct",
        "requested": "[3.2.2, )",
        "resolved": "3.2.2",
        "contentHash": "L+4/4y0Uqcg8/d6hfnxhnwh4j9FaeULvefTwrk30rr1o4n/vdPfyUQ8k0yzH8VJx7bmFEkDdcRfbtbjEHlaYcA==",
        "dependencies": {
          "xunit.v3.mtp-v1": "[3.2.2]"
        }
      },
      "xunit.v3.runner.msbuild": {
        "type": "Direct",
        "requested": "[3.2.2, )",
        "resolved": "3.2.2",
        "contentHash": "QkjsbtI3ny6pmuJoMuKU1DutnmfA6tBBm/wsG4wO4fM6r32WF9//ZNqMxoZEpRvQFbAyxtTRjIOPnX8T5+DSsA=="
      },
      "AngleSharp": {
        "type": "Transitive",
        "resolved": "0.17.1",
        "contentHash": "5MPI4bbixlwxb0W/smOMeIR+QlxMy5/5jD+WnIAw4pBC+7AhLPe5bS3cLgQMJyvd6q0A48sG+uYOt/ep406GLA=="
      },
      "AngleSharp.Css": {
        "type": "Transitive",
        "resolved": "0.17.0",
        "contentHash": "bg0AcugmX6BFEi/DHG61QrwRU8iuiX4H8LZehdIzYdqOM/dgb3BsCTzNIcc1XADn4+xfQEdVwJYTSwUxroL4vg==",
        "dependencies": {
          "AngleSharp": "[0.17.0, 0.18.0)"
        }
      },
      "FSharp.Data.Csv.Core": {
        "type": "Transitive",
        "resolved": "8.1.14",
        "contentHash": "Buy8srQZiKcWZhJ2c+gHaY1MRLWX2bYD5t/IyiPkyEZT+FUsmpLuK7BzGFLFNT6QPEc9Qh72gtfjh6sEHo2ypw==",
        "dependencies": {
          "FSharp.Core": "6.0.1",
          "FSharp.Data.Runtime.Utilities": "8.1.14"
        }
      },
      "FSharp.Data.Html.Core": {
        "type": "Transitive",
        "resolved": "8.1.14",
        "contentHash": "FolPUmbHaCG/vbUStnNSBeSu+n2LV2NtGcAM6aJ5P2J2HleBrWphXA8QMEMDVTCJU5kisoFqDhqNcMZxGUKVeg==",
        "dependencies": {
          "FSharp.Core": "6.0.1",
          "FSharp.Data.Csv.Core": "8.1.14",
          "FSharp.Data.Json.Core": "8.1.14",
          "FSharp.Data.Runtime.Utilities": "8.1.14"
        }
      },
      "FSharp.Data.Http": {
        "type": "Transitive",
        "resolved": "8.1.14",
        "contentHash": "sVL1DKu1GyJzHsmJkCgdGqac9NaYirmRQIHQtAqfPPUZTHAa9svQxlFsoiJVEodlYwDIlDjaj/aKOAQqZxKWXA==",
        "dependencies": {
          "FSharp.Core": "6.0.1"
        }
      },
      "FSharp.Data.Json.Core": {
        "type": "Transitive",
        "resolved": "8.1.14",
        "contentHash": "2jogAEXcluCxpNp3K1i0xFLc+BsT/yyzwE2KNwIDK7lu/hOXuT/7AeNBqFWMQGNzntiSr2v/nLV/q6VdYMOgUg==",
        "dependencies": {
          "FSharp.Core": "6.0.1",
          "FSharp.Data.Http": "8.1.14",
          "FSharp.Data.Runtime.Utilities": "8.1.14"
        }
      },
      "FSharp.Data.Runtime.Utilities": {
        "type": "Transitive",
        "resolved": "8.1.14",
        "contentHash": "kZCy7XzwDzwd8hohKSICW+KTEqOfdzeVQP4KHjdIWL0yMHrRNwS4mdAMmUmPcXPPc6UzTlw6+vDsFxPZjHRTbQ==",
        "dependencies": {
          "FSharp.Core": "6.0.1",
          "FSharp.Data.Http": "8.1.14"
        }
      },
      "FSharp.Data.WorldBank.Core": {
        "type": "Transitive",
        "resolved": "8.1.14",
        "contentHash": "oywSDfJivodofqr4YbJYdgzR9OOeu8ui6rC0MENvrZ5XmddtLMMu03Hp8oLSNUKy0BDK9QMmGU5BO4MnGlLIiA==",
        "dependencies": {
          "FSharp.Core": "6.0.1",
          "FSharp.Data.Http": "8.1.14",
          "FSharp.Data.Json.Core": "8.1.14",
          "FSharp.Data.Runtime.Utilities": "8.1.14"
        }
      },
      "FSharp.Data.Xml.Core": {
        "type": "Transitive",
        "resolved": "8.1.14",
        "contentHash": "2+smi58rZFvCp4dcEjTYU95IU2FmdQppbNxpbeNRQo3Cd4q4g0nsDKpNOgh6wqR4iA9IvFW7aafwbx38u2iQ/g==",
        "dependencies": {
          "FSharp.Core": "6.0.1",
          "FSharp.Data.Http": "8.1.14",
          "FSharp.Data.Json.Core": "8.1.14",
          "FSharp.Data.Runtime.Utilities": "8.1.14"
        }
      },
      "FSharp.SystemTextJson": {
        "type": "Transitive",
        "resolved": "1.3.13",
        "contentHash": "znp8odpdkVGKVX0AvbhiXdmeMi0KJ+A4AyAQWSkfAEAe4Z4clRE+rVhrLnAGrFD1VEIUX2lsQ4o84ywpWZUSGw==",
        "dependencies": {
          "FSharp.Core": "4.7.0"
        }
      },
      "Giraffe.ViewEngine": {
        "type": "Transitive",
        "resolved": "1.4.0",
        "contentHash": "gWzlp8KGDLaPHMm/xGzfLT1e9wZaJhBKhEuMsPRBSn7wAMkSgMcaqJlWl8mFGCcOOx0r9UyDJvCJJQyljYmo+g==",
        "dependencies": {
          "FSharp.Core": "5.0.0"
        }
      },
      "Microsoft.ApplicationInsights": {
        "type": "Transitive",
        "resolved": "2.23.0",
        "contentHash": "nWArUZTdU7iqZLycLKWe0TDms48KKGE6pONH2terYNa8REXiqixrMOkf1sk5DHGMaUTqONU2YkS4SAXBhLStgw=="
      },
      "Microsoft.Bcl.AsyncInterfaces": {
        "type": "Transitive",
        "resolved": "6.0.0",
        "contentHash": "UcSjPsst+DfAdJGVDsu346FX0ci0ah+lw3WRtn18NUwEqRt70HaOQ7lI72vy3+1LxtqI3T5GWwV39rQSrCzAeg=="
      },
      "Microsoft.CodeCoverage": {
        "type": "Transitive",
        "resolved": "18.7.0",
        "contentHash": "+wFfx9s7D9wegM0RziXMj2kvYDT4qcqXXtyjiQwSZOGQ2wwcOAJQcD6eQXk02jt0MvRNawtp8TJxTrV+wD8X1g=="
      },
      "Microsoft.IO.RecyclableMemoryStream": {
        "type": "Transitive",
        "resolved": "3.0.1",
        "contentHash": "s/s20YTVY9r9TPfTrN5g8zPF1YhwxyqO6PxUkrYTGI2B+OGPe9AdajWZrLhFqXIvqIW23fnUE4+ztrUWNU1+9g=="
      },
      "Microsoft.Testing.Extensions.Telemetry": {
        "type": "Transitive",
        "resolved": "1.9.1",
        "contentHash": "No5AudZMmSb+uNXjlgL2y3/stHD2IT4uxqc5yHwkE+/nNux9jbKcaJMvcp9SwgP4DVD8L9/P3OUz8mmmcvEIdQ==",
        "dependencies": {
          "Microsoft.ApplicationInsights": "2.23.0",
          "Microsoft.Testing.Platform": "1.9.1"
        }
      },
      "Microsoft.Testing.Extensions.TrxReport.Abstractions": {
        "type": "Transitive",
        "resolved": "1.9.1",
        "contentHash": "AL46Xe1WBi85Ntd4mNPvat5ZSsZ2uejiVqoKCypr8J3wK0elA5xJ3AN4G/Q4GIwzUFnggZoH/DBjnr9J18IO/g==",
        "dependencies": {
          "Microsoft.Testing.Platform": "1.9.1"
        }
      },
      "Microsoft.Testing.Platform": {
        "type": "Transitive",
        "resolved": "1.9.1",
        "contentHash": "QafNtNSmEI0zazdebnsIkDKmFtTSpmx/5PLOjURWwozcPb3tvRxzosQSL8xwYNM1iPhhKiBksXZyRSE2COisrA=="
      },
      "Microsoft.Testing.Platform.MSBuild": {
        "type": "Transitive",
        "resolved": "1.9.1",
        "contentHash": "oTUtyR4X/s9ytuiNA29FGsNCCH0rNmY5Wdm14NCKLjTM1cT9edVSlA+rGS/mVmusPqcP0l/x9qOnMXg16v87RQ==",
        "dependencies": {
          "Microsoft.Testing.Platform": "1.9.1"
        }
      },
      "Microsoft.TestPlatform.ObjectModel": {
        "type": "Transitive",
        "resolved": "18.7.0",
        "contentHash": "6rmgU4q3/WOpOPcncI0YW0Q/QpcQtwR2TTEXDR5+4TfSimPBAk6Z/BgKLeGgp1SOun0ROVUCCafXhRLwsHaPpA=="
      },
      "Microsoft.TestPlatform.TestHost": {
        "type": "Transitive",
        "resolved": "18.7.0",
        "contentHash": "kYwfmebCs8992zaxEDkvG7S+YEouTeKfYVKUFEkwh1W2dIoOaevBt80XSKVXCUFEhusjOIm1sFfHBnoJgygrRA==",
        "dependencies": {
          "Microsoft.TestPlatform.ObjectModel": "18.7.0",
          "Newtonsoft.Json": "13.0.3"
        }
      },
      "Microsoft.Win32.Registry": {
        "type": "Transitive",
        "resolved": "5.0.0",
        "contentHash": "dDoKi0PnDz31yAyETfRntsLArTlVAVzUzCIvvEDsDsucrl33Dl8pIJG06ePTJTI3tGpeyHS9Cq7Foc/s4EeKcg=="
      },
      "Newtonsoft.Json": {
        "type": "Transitive",
        "resolved": "13.0.3",
        "contentHash": "HrC5BXdl00IP9zeV+0Z848QWPAoCr9P3bDEZguI+gkLcBKAOxix/tLEAAHC+UvDNPv4a2d18lOReHMOagPa+zQ=="
      },
      "NUglify": {
        "type": "Transitive",
        "resolved": "1.21.15",
        "contentHash": "Vxwg0EjbM/gmILPtzfmzlf0MDu9a17OQb8b57oTgoHoRsZNHWIFQFa00Izcvuam3Hbw2eH272TfczDRHSXgSlA=="
      },
      "xunit.analyzers": {
        "type": "Transitive",
        "resolved": "1.27.0",
        "contentHash": "y/pxIQaLvk/kxAoDkZW9GnHLCEqzwl5TW0vtX3pweyQpjizB9y3DXhb9pkw2dGeUqhLjsxvvJM1k89JowU6z3g=="
      },
      "xunit.v3.assert": {
        "type": "Transitive",
        "resolved": "3.2.2",
        "contentHash": "BPciBghgEEaJN/JG00QfCYDfEfnLgQhfnYEy+j1izoeHVNYd5+3Wm8GJ6JgYysOhpBPYGE+sbf75JtrRc7jrdA=="
      },
      "xunit.v3.common": {
        "type": "Transitive",
        "resolved": "3.2.2",
        "contentHash": "Hj775PEH6GTbbg0wfKRvG2hNspDCvTH9irXhH4qIWgdrOSV1sQlqPie+DOvFeigsFg2fxSM3ZAaaCDQs+KreFA==",
        "dependencies": {
          "Microsoft.Bcl.AsyncInterfaces": "6.0.0"
        }
      },
      "xunit.v3.core.mtp-v1": {
        "type": "Transitive",
        "resolved": "3.2.2",
        "contentHash": "Ga5aA2Ca9ktz+5k3g5ukzwfexwoqwDUpV6z7atSEUvqtd6JuybU1XopHqg1oFd78QdTfZgZE9h5sHpO4qYIi5w==",
        "dependencies": {
          "Microsoft.Testing.Extensions.Telemetry": "1.9.1",
          "Microsoft.Testing.Extensions.TrxReport.Abstractions": "1.9.1",
          "Microsoft.Testing.Platform": "1.9.1",
          "Microsoft.Testing.Platform.MSBuild": "1.9.1",
          "xunit.v3.extensibility.core": "[3.2.2]",
          "xunit.v3.runner.inproc.console": "[3.2.2]"
        }
      },
      "xunit.v3.extensibility.core": {
        "type": "Transitive",
        "resolved": "3.2.2",
        "contentHash": "srY8z/oMPvh/t8axtO2DwrHajhFMH7tnqKildvYrVQIfICi8fOn3yIBWkVPAcrKmHMwvXRJ/XsQM3VMR6DOYfQ==",
        "dependencies": {
          "xunit.v3.common": "[3.2.2]"
        }
      },
      "xunit.v3.mtp-v1": {
        "type": "Transitive",
        "resolved": "3.2.2",
        "contentHash": "O41aAzYKBT5PWqATa1oEWVNCyEUypFQ4va6K0kz37dduV3EKzXNMaV2UnEhufzU4Cce1I33gg0oldS8tGL5I0A==",
        "dependencies": {
          "xunit.analyzers": "1.27.0",
          "xunit.v3.assert": "[3.2.2]",
          "xunit.v3.core.mtp-v1": "[3.2.2]"
        }
      },
      "xunit.v3.runner.common": {
        "type": "Transitive",
        "resolved": "3.2.2",
        "contentHash": "/hkHkQCzGrugelOAehprm7RIWdsUFVmIVaD6jDH/8DNGCymTlKKPTbGokD5czbAfqfex47mBP0sb0zbHYwrO/g==",
        "dependencies": {
          "Microsoft.Win32.Registry": "[5.0.0]",
          "xunit.v3.common": "[3.2.2]"
        }
      },
      "xunit.v3.runner.inproc.console": {
        "type": "Transitive",
        "resolved": "3.2.2",
        "contentHash": "ulWOdSvCk+bPXijJZ73bth9NyoOHsAs1ZOvamYbCkD4DNLX/Bd29Ve2ZNUwBbK0MqfIYWXHZViy/HKrdEC/izw==",
        "dependencies": {
          "xunit.v3.extensibility.core": "[3.2.2]",
          "xunit.v3.runner.common": "[3.2.2]"
        }
      },
      "damo.io.server": {
        "type": "Project",
        "dependencies": {
          "FSharp.Control.TaskSeq": "[1.1.1, )",
          "FSharp.Core": "[10.1.204, )",
          "FeedsProcessing": "[1.0.0, )",
          "Giraffe": "[8.2.0, )",
          "LigerShark.WebOptimizer.Core": "[3.0.477, )",
          "Prelude": "[1.0.0, )"
        }
      },
      "feedsprocessing": {
        "type": "Project",
        "dependencies": {
          "FSharp.Core": "[10.1.204, )",
          "FSharp.Data": "[8.1.14, )",
          "HtmlSanitizer": "[9.0.892, )",
          "Prelude": "[1.0.0, )"
        }
      },
      "prelude": {
        "type": "Project",
        "dependencies": {
          "FSharp.Core": "[10.1.204, )"
        }
      },
      "FSharp.Control.TaskSeq": {
        "type": "CentralTransitive",
        "requested": "[1.1.1, )",
        "resolved": "1.1.1",
        "contentHash": "PFD+urrVJxtoetvkc4xV7ZOYGYoVZWv7n1DPgz2UbxL7v98SIk6plWOBdwihepUnnGnQltJtciZBSwo9+UTGfA==",
        "dependencies": {
          "FSharp.Core": "6.0.1"
        }
      },
      "FSharp.Data": {
        "type": "CentralTransitive",
        "requested": "[8.1.14, )",
        "resolved": "8.1.14",
        "contentHash": "vvq9shWudMN+MgGq1gB3Yvu0Hl9QYrQUAGI/R/U+j5sGV7sBdApAezecO0HQglzXODVdAIwFoapFdYZSbMQrOg==",
        "dependencies": {
          "FSharp.Core": "6.0.1",
          "FSharp.Data.Csv.Core": "8.1.14",
          "FSharp.Data.Html.Core": "8.1.14",
          "FSharp.Data.Http": "8.1.14",
          "FSharp.Data.Json.Core": "8.1.14",
          "FSharp.Data.Runtime.Utilities": "8.1.14",
          "FSharp.Data.WorldBank.Core": "8.1.14",
          "FSharp.Data.Xml.Core": "8.1.14"
        }
      },
      "Giraffe": {
        "type": "CentralTransitive",
        "requested": "[8.2.0, )",
        "resolved": "8.2.0",
        "contentHash": "GlrgfkGKnKbbLfPBpXVBXBEca0wwz+iI9Ba74j3Hcx/rMXLFLqs0WjDhNVfsU7FB585e3VxEcb12XoyOFrsklA==",
        "dependencies": {
          "FSharp.Core": "6.0.0",
          "FSharp.SystemTextJson": "1.3.13",
          "Giraffe.ViewEngine": "1.4.0",
          "Microsoft.IO.RecyclableMemoryStream": "3.0.1"
        }
      },
      "HtmlSanitizer": {
        "type": "CentralTransitive",
        "requested": "[9.0.892, )",
        "resolved": "9.0.892",
        "contentHash": "zdkMmpNCjTkxna8Y+jmPIFm2st+HjHrf32yNElFYwe7L4GmDm+mdKR6TzDyf6ewJ0RUUz84D4IkHNgrwGi4VbQ==",
        "dependencies": {
          "AngleSharp": "[0.17.1]",
          "AngleSharp.Css": "[0.17.0]"
        }
      },
      "LigerShark.WebOptimizer.Core": {
        "type": "CentralTransitive",
        "requested": "[3.0.477, )",
        "resolved": "3.0.477",
        "contentHash": "md8zBJMIur8Hnb5jn7krSfe9I0BZUGqCxwh2A5Y1MTR7wtY6v9gYuyW5EFNCYzQCvaaAZxlTynUk8ZsIsrBXsg==",
        "dependencies": {
          "NUglify": "1.21.15"
        }
      }
    }
  }
}